
Microsoft Visual Studio Solution File, Format Version 12.00
# Visual Studio Version 16
VisualStudioVersion = 16.0.30907.101
MinimumVisualStudioVersion = 10.0.40219.1
Project("{FAE04EC0-301F-11D3-BF4B-00C04F79EFBC}") = "FirstAzureGitHub", "FirstAzureGitHub.csproj", "{C4140872-5F18-4A2E-96E8-7DEAB1E322B6}"
EndProject
Global
	GlobalSection(SolutionConfigurationPlatforms) = preSolution
		Debug|Any CPU = Debug|Any CPU
		Release|Any CPU = Release|Any CPU
	EndGlobalSection
	GlobalSection(ProjectConfigurationPlatforms) = postSolution
		{C4140872-5F18-4A2E-96E8-7DEAB1E322B6}.Debug|Any CPU.ActiveCfg = Debug|Any CPU
		{C4140872-5F18-4A2E-96E8-7DEAB1E322B6}.Debug|Any CPU.Build.0 = Debug|Any CPU
		{C4140872-5F18-4A2E-96E8-7DEAB1E322B6}.Release|Any CPU.ActiveCfg = Release|Any CPU
		{C4140872-5F18-4A2E-96E8-7DEAB1E322B6}.Release|Any CPU.Build.0 = Release|Any CPU
	EndGlobalSection
	GlobalSection(SolutionProperties) = preSolution
		HideSolutionNode = FALSE
	EndGlobalSection
	GlobalSection(ExtensibilityGlobals) = postSolution
		SolutionGuid = {098E3075-5C61-4034-9355-680D09D4F03D}
	EndGlobalSection
EndGlobal
